
Microsoft Visual Studio Solution File, Format Version 12.00
# Visual Studio 15
VisualStudioVersion = 15.0.26430.12
MinimumVisualStudioVersion = 10.0.40219.1
Project("{FAE04EC0-301F-11D3-BF4B-00C04F79EFBC}") = "Sixer", "Sixer\Sixer.csproj", "{801B4A69-5A41-472A-94A6-2CACB5E28230}"
EndProject
Project("{FAE04EC0-301F-11D3-BF4B-00C04F79EFBC}") = "Sixer.Tests", "Sixer.Tests\Sixer.Tests.csproj", "{15516F1B-D73C-4A65-B347-117B5AC9BA61}"
EndProject
Global
	GlobalSection(SolutionConfigurationPlatforms) = preSolution
		Debug|Any CPU = Debug|Any CPU
		Release|Any CPU = Release|Any CPU
	EndGlobalSection
	GlobalSection(ProjectConfigurationPlatforms) = postSolution
		{801B4A69-5A41-472A-94A6-2CACB5E28230}.Debug|Any CPU.ActiveCfg = Debug|Any CPU
		{801B4A69-5A41-472A-94A6-2CACB5E28230}.Debug|Any CPU.Build.0 = Debug|Any CPU
		{801B4A69-5A41-472A-94A6-2CACB5E28230}.Release|Any CPU.ActiveCfg = Release|Any CPU
		{801B4A69-5A41-472A-94A6-2CACB5E28230}.Release|Any CPU.Build.0 = Release|Any CPU
		{15516F1B-D73C-4A65-B347-117B5AC9BA61}.Debug|Any CPU.ActiveCfg = Debug|Any CPU
		{15516F1B-D73C-4A65-B347-117B5AC9BA61}.Debug|Any CPU.Build.0 = Debug|Any CPU
		{15516F1B-D73C-4A65-B347-117B5AC9BA61}.Release|Any CPU.ActiveCfg = Release|Any CPU
		{15516F1B-D73C-4A65-B347-117B5AC9BA61}.Release|Any CPU.Build.0 = Release|Any CPU
	EndGlobalSection
	GlobalSection(SolutionProperties) = preSolution
		HideSolutionNode = FALSE
	EndGlobalSection
EndGlobal
